// !$*UTF8*$!
{
	archiveVersion = 1;
	classes = {
	};
	objectVersion = 50;
	objects = {

/* Begin PBXBuildFile section */
		CC123B9624E80ED2007382AA /* AppDelegate.swift in Sources */ = {isa = PBXBuildFile; fileRef = CC123B9524E80ED2007382AA /* AppDelegate.swift */; };
		CC123B9824E80ED2007382AA /* SceneDelegate.swift in Sources */ = {isa = PBXBuildFile; fileRef = CC123B9724E80ED2007382AA /* SceneDelegate.swift */; };
		CC123B9A24E80ED2007382AA /* NSLaunchScreen.swift in Sources */ = {isa = PBXBuildFile; fileRef = CC123B9924E80ED2007382AA /* NSLaunchScreen.swift */; };
		CC123B9F24E80ED4007382AA /* Assets.xcassets in Resources */ = {isa = PBXBuildFile; fileRef = CC123B9E24E80ED4007382AA /* Assets.xcassets */; };
		CC123BA224E80ED4007382AA /* LaunchScreen.storyboard in Resources */ = {isa = PBXBuildFile; fileRef = CC123BA024E80ED4007382AA /* LaunchScreen.storyboard */; };
		CC123BAD24E80ED4007382AA /* N_SIGNINTests.swift in Sources */ = {isa = PBXBuildFile; fileRef = CC123BAC24E80ED4007382AA /* N_SIGNINTests.swift */; };
		CC123BB824E80ED4007382AA /* N_SIGNINUITests.swift in Sources */ = {isa = PBXBuildFile; fileRef = CC123BB724E80ED4007382AA /* N_SIGNINUITests.swift */; };
		CC123BC924E82BA5007382AA /* NSPersonalData.swift in Sources */ = {isa = PBXBuildFile; fileRef = CC123BC824E82BA5007382AA /* NSPersonalData.swift */; };
		CC123BCC24E83954007382AA /* NSTextField.swift in Sources */ = {isa = PBXBuildFile; fileRef = CC123BCB24E83954007382AA /* NSTextField.swift */; };
		CC123BD124E84AF8007382AA /* UIViewController+Extension.swift in Sources */ = {isa = PBXBuildFile; fileRef = CC123BD024E84AF8007382AA /* UIViewController+Extension.swift */; };
		CC123BD324E875C9007382AA /* NSFormField.swift in Sources */ = {isa = PBXBuildFile; fileRef = CC123BD224E875C9007382AA /* NSFormField.swift */; };
		CC123BD524E87A08007382AA /* NSGenderBirth.swift in Sources */ = {isa = PBXBuildFile; fileRef = CC123BD424E87A08007382AA /* NSGenderBirth.swift */; };
		CC123BD724E88277007382AA /* NSSignUpProcess.swift in Sources */ = {isa = PBXBuildFile; fileRef = CC123BD624E88277007382AA /* NSSignUpProcess.swift */; };
		CC123BD924E88FBD007382AA /* NSLogInformation.swift in Sources */ = {isa = PBXBuildFile; fileRef = CC123BD824E88FBD007382AA /* NSLogInformation.swift */; };
		CC6F612524E9537700F1D6C8 /* NSStepLabel.swift in Sources */ = {isa = PBXBuildFile; fileRef = CC6F612424E9537700F1D6C8 /* NSStepLabel.swift */; };
		CC6F612724E953A400F1D6C8 /* NSPageIndicator.swift in Sources */ = {isa = PBXBuildFile; fileRef = CC6F612624E953A400F1D6C8 /* NSPageIndicator.swift */; };
		CC6F612924E9597400F1D6C8 /* NSPagerButton.swift in Sources */ = {isa = PBXBuildFile; fileRef = CC6F612824E9597400F1D6C8 /* NSPagerButton.swift */; };
/* End PBXBuildFile section */

/* Begin PBXContainerItemProxy section */
		CC123BA924E80ED4007382AA /* PBXContainerItemProxy */ = {
			isa = PBXContainerItemProxy;
			containerPortal = CC123B8A24E80ED2007382AA /* Project object */;
			proxyType = 1;
			remoteGlobalIDString = CC123B9124E80ED2007382AA;
			remoteInfo = "N-SIGNIN";
		};
		CC123BB424E80ED4007382AA /* PBXContainerItemProxy */ = {
			isa = PBXContainerItemProxy;
			containerPortal = CC123B8A24E80ED2007382AA /* Project object */;
			proxyType = 1;
			remoteGlobalIDString = CC123B9124E80ED2007382AA;
			remoteInfo = "N-SIGNIN";
		};
/* End PBXContainerItemProxy section */

/* Begin PBXFileReference section */
		CC123B9224E80ED2007382AA /* N-SIGNIN.app */ = {isa = PBXFileReference; explicitFileType = wrapper.application; includeInIndex = 0; path = "N-SIGNIN.app"; sourceTree = BUILT_PRODUCTS_DIR; };
		CC123B9524E80ED2007382AA /* AppDelegate.swift */ = {isa = PBXFileReference; lastKnownFileType = sourcecode.swift; path = AppDelegate.swift; sourceTree = "<group>"; };
		CC123B9724E80ED2007382AA /* SceneDelegate.swift */ = {isa = PBXFileReference; lastKnownFileType = sourcecode.swift; path = SceneDelegate.swift; sourceTree = "<group>"; };
		CC123B9924E80ED2007382AA /* NSLaunchScreen.swift */ = {isa = PBXFileReference; lastKnownFileType = sourcecode.swift; path = NSLaunchScreen.swift; sourceTree = "<group>"; };
		CC123B9E24E80ED4007382AA /* Assets.xcassets */ = {isa = PBXFileReference; lastKnownFileType = folder.assetcatalog; path = Assets.xcassets; sourceTree = "<group>"; };
		CC123BA124E80ED4007382AA /* Base */ = {isa = PBXFileReference; lastKnownFileType = file.storyboard; name = Base; path = Base.lproj/LaunchScreen.storyboard; sourceTree = "<group>"; };
		CC123BA324E80ED4007382AA /* Info.plist */ = {isa = PBXFileReference; lastKnownFileType = text.plist.xml; path = Info.plist; sourceTree = "<group>"; };
		CC123BA824E80ED4007382AA /* N-SIGNINTests.xctest */ = {isa = PBXFileReference; explicitFileType = wrapper.cfbundle; includeInIndex = 0; path = "N-SIGNINTests.xctest"; sourceTree = BUILT_PRODUCTS_DIR; };
		CC123BAC24E80ED4007382AA /* N_SIGNINTests.swift */ = {isa = PBXFileReference; lastKnownFileType = sourcecode.swift; path = N_SIGNINTests.swift; sourceTree = "<group>"; };
		CC123BAE24E80ED4007382AA /* Info.plist */ = {isa = PBXFileReference; lastKnownFileType = text.plist.xml; path = Info.plist; sourceTree = "<group>"; };
		CC123BB324E80ED4007382AA /* N-SIGNINUITests.xctest */ = {isa = PBXFileReference; explicitFileType = wrapper.cfbundle; includeInIndex = 0; path = "N-SIGNINUITests.xctest"; sourceTree = BUILT_PRODUCTS_DIR; };
		CC123BB724E80ED4007382AA /* N_SIGNINUITests.swift */ = {isa = PBXFileReference; lastKnownFileType = sourcecode.swift; path = N_SIGNINUITests.swift; sourceTree = "<group>"; };
		CC123BB924E80ED4007382AA /* Info.plist */ = {isa = PBXFileReference; lastKnownFileType = text.plist.xml; path = Info.plist; sourceTree = "<group>"; };
		CC123BC824E82BA5007382AA /* NSPersonalData.swift */ = {isa = PBXFileReference; lastKnownFileType = sourcecode.swift; path = NSPersonalData.swift; sourceTree = "<group>"; };
		CC123BCB24E83954007382AA /* NSTextField.swift */ = {isa = PBXFileReference; lastKnownFileType = sourcecode.swift; path = NSTextField.swift; sourceTree = "<group>"; };
		CC123BD024E84AF8007382AA /* UIViewController+Extension.swift */ = {isa = PBXFileReference; lastKnownFileType = sourcecode.swift; path = "UIViewController+Extension.swift"; sourceTree = "<group>"; };
		CC123BD224E875C9007382AA /* NSFormField.swift */ = {isa = PBXFileReference; lastKnownFileType = sourcecode.swift; path = NSFormField.swift; sourceTree = "<group>"; };
		CC123BD424E87A08007382AA /* NSGenderBirth.swift */ = {isa = PBXFileReference; lastKnownFileType = sourcecode.swift; path = NSGenderBirth.swift; sourceTree = "<group>"; };
		CC123BD624E88277007382AA /* NSSignUpProcess.swift */ = {isa = PBXFileReference; lastKnownFileType = sourcecode.swift; path = NSSignUpProcess.swift; sourceTree = "<group>"; };
		CC123BD824E88FBD007382AA /* NSLogInformation.swift */ = {isa = PBXFileReference; lastKnownFileType = sourcecode.swift; path = NSLogInformation.swift; sourceTree = "<group>"; };
		CC6F612424E9537700F1D6C8 /* NSStepLabel.swift */ = {isa = PBXFileReference; lastKnownFileType = sourcecode.swift; path = NSStepLabel.swift; sourceTree = "<group>"; };
		CC6F612624E953A400F1D6C8 /* NSPageIndicator.swift */ = {isa = PBXFileReference; lastKnownFileType = sourcecode.swift; path = NSPageIndicator.swift; sourceTree = "<group>"; };
		CC6F612824E9597400F1D6C8 /* NSPagerButton.swift */ = {isa = PBXFileReference; lastKnownFileType = sourcecode.swift; path = NSPagerButton.swift; sourceTree = "<group>"; };
/* End PBXFileReference section */

/* Begin PBXFrameworksBuildPhase section */
		CC123B8F24E80ED2007382AA /* Frameworks */ = {
			isa = PBXFrameworksBuildPhase;
			buildActionMask = 2147483647;
			files = (
			);
			runOnlyForDeploymentPostprocessing = 0;
		};
		CC123BA524E80ED4007382AA /* Frameworks */ = {
			isa = PBXFrameworksBuildPhase;
			buildActionMask = 2147483647;
			files = (
			);
			runOnlyForDeploymentPostprocessing = 0;
		};
		CC123BB024E80ED4007382AA /* Frameworks */ = {
			isa = PBXFrameworksBuildPhase;
			buildActionMask = 2147483647;
			files = (
			);
			runOnlyForDeploymentPostprocessing = 0;
		};
/* End PBXFrameworksBuildPhase section */

/* Begin PBXGroup section */
		CC123B8924E80ED2007382AA = {
			isa = PBXGroup;
			children = (
				CC123B9424E80ED2007382AA /* N-SIGNIN */,
				CC123BAB24E80ED4007382AA /* N-SIGNINTests */,
				CC123BB624E80ED4007382AA /* N-SIGNINUITests */,
				CC123B9324E80ED2007382AA /* Products */,
			);
			sourceTree = "<group>";
		};
		CC123B9324E80ED2007382AA /* Products */ = {
			isa = PBXGroup;
			children = (
				CC123B9224E80ED2007382AA /* N-SIGNIN.app */,
				CC123BA824E80ED4007382AA /* N-SIGNINTests.xctest */,
				CC123BB324E80ED4007382AA /* N-SIGNINUITests.xctest */,
			);
			name = Products;
			sourceTree = "<group>";
		};
		CC123B9424E80ED2007382AA /* N-SIGNIN */ = {
			isa = PBXGroup;
			children = (
				CC123BCF24E84ADB007382AA /* Extensions */,
				CC123BCA24E83932007382AA /* Components */,
				CC123BC524E80F80007382AA /* APP */,
				CC123BC624E80FAF007382AA /* Resources */,
				CC123BC724E810D2007382AA /* Screens */,
			);
			path = "N-SIGNIN";
			sourceTree = "<group>";
		};
		CC123BAB24E80ED4007382AA /* N-SIGNINTests */ = {
			isa = PBXGroup;
			children = (
				CC123BAC24E80ED4007382AA /* N_SIGNINTests.swift */,
				CC123BAE24E80ED4007382AA /* Info.plist */,
			);
			path = "N-SIGNINTests";
			sourceTree = "<group>";
		};
		CC123BB624E80ED4007382AA /* N-SIGNINUITests */ = {
			isa = PBXGroup;
			children = (
				CC123BB724E80ED4007382AA /* N_SIGNINUITests.swift */,
				CC123BB924E80ED4007382AA /* Info.plist */,
			);
			path = "N-SIGNINUITests";
			sourceTree = "<group>";
		};
		CC123BC524E80F80007382AA /* APP */ = {
			isa = PBXGroup;
			children = (
				CC123B9524E80ED2007382AA /* AppDelegate.swift */,
				CC123BA324E80ED4007382AA /* Info.plist */,
				CC123B9724E80ED2007382AA /* SceneDelegate.swift */,
			);
			path = APP;
			sourceTree = "<group>";
		};
		CC123BC624E80FAF007382AA /* Resources */ = {
			isa = PBXGroup;
			children = (
				CC123B9E24E80ED4007382AA /* Assets.xcassets */,
				CC123BA024E80ED4007382AA /* LaunchScreen.storyboard */,
			);
			path = Resources;
			sourceTree = "<group>";
		};
		CC123BC724E810D2007382AA /* Screens */ = {
			isa = PBXGroup;
			children = (
				CC123BD424E87A08007382AA /* NSGenderBirth.swift */,
				CC123B9924E80ED2007382AA /* NSLaunchScreen.swift */,
				CC123BD824E88FBD007382AA /* NSLogInformation.swift */,
				CC123BC824E82BA5007382AA /* NSPersonalData.swift */,
				CC123BD624E88277007382AA /* NSSignUpProcess.swift */,
			);
			path = Screens;
			sourceTree = "<group>";
		};
		CC123BCA24E83932007382AA /* Components */ = {
			isa = PBXGroup;
			children = (
				CC123BCB24E83954007382AA /* NSTextField.swift */,
				CC123BD224E875C9007382AA /* NSFormField.swift */,
				CC6F612424E9537700F1D6C8 /* NSStepLabel.swift */,
				CC6F612624E953A400F1D6C8 /* NSPageIndicator.swift */,
				CC6F612824E9597400F1D6C8 /* NSPagerButton.swift */,
			);
			path = Components;
			sourceTree = "<group>";
		};
		CC123BCF24E84ADB007382AA /* Extensions */ = {
			isa = PBXGroup;
			children = (
				CC123BD024E84AF8007382AA /* UIViewController+Extension.swift */,
			);
			path = Extensions;
			sourceTree = "<group>";
		};
/* End PBXGroup section */

/* Begin PBXNativeTarget section */
		CC123B9124E80ED2007382AA /* N-SIGNIN */ = {
			isa = PBXNativeTarget;
			buildConfigurationList = CC123BBC24E80ED4007382AA /* Build configuration list for PBXNativeTarget "N-SIGNIN" */;
			buildPhases = (
				CC123B8E24E80ED2007382AA /* Sources */,
				CC123B8F24E80ED2007382AA /* Frameworks */,
				CC123B9024E80ED2007382AA /* Resources */,
			);
			buildRules = (
			);
			dependencies = (
			);
			name = "N-SIGNIN";
			productName = "N-SIGNIN";
			productReference = CC123B9224E80ED2007382AA /* N-SIGNIN.app */;
			productType = "com.apple.product-type.application";
		};
		CC123BA724E80ED4007382AA /* N-SIGNINTests */ = {
			isa = PBXNativeTarget;
			buildConfigurationList = CC123BBF24E80ED4007382AA /* Build configuration list for PBXNativeTarget "N-SIGNINTests" */;
			buildPhases = (
				CC123BA424E80ED4007382AA /* Sources */,
				CC123BA524E80ED4007382AA /* Frameworks */,
				CC123BA624E80ED4007382AA /* Resources */,
			);
			buildRules = (
			);
			dependencies = (
				CC123BAA24E80ED4007382AA /* PBXTargetDependency */,
			);
			name = "N-SIGNINTests";
			productName = "N-SIGNINTests";
			productReference = CC123BA824E80ED4007382AA /* N-SIGNINTests.xctest */;
			productType = "com.apple.product-type.bundle.unit-test";
		};
		CC123BB224E80ED4007382AA /* N-SIGNINUITests */ = {
			isa = PBXNativeTarget;
			buildConfigurationList = CC123BC224E80ED4007382AA /* Build configuration list for PBXNativeTarget "N-SIGNINUITests" */;
			buildPhases = (
				CC123BAF24E80ED4007382AA /* Sources */,
				CC123BB024E80ED4007382AA /* Frameworks */,
				CC123BB124E80ED4007382AA /* Resources */,
			);
			buildRules = (
			);
			dependencies = (
				CC123BB524E80ED4007382AA /* PBXTargetDependency */,
			);
			name = "N-SIGNINUITests";
			productName = "N-SIGNINUITests";
			productReference = CC123BB324E80ED4007382AA /* N-SIGNINUITests.xctest */;
			productType = "com.apple.product-type.bundle.ui-testing";
		};
/* End PBXNativeTarget section */

/* Begin PBXProject section */
		CC123B8A24E80ED2007382AA /* Project object */ = {
			isa = PBXProject;
			attributes = {
				LastSwiftUpdateCheck = 1160;
				LastUpgradeCheck = 1160;
				ORGANIZATIONNAME = alvarogjacome;
				TargetAttributes = {
					CC123B9124E80ED2007382AA = {
						CreatedOnToolsVersion = 11.6;
					};
					CC123BA724E80ED4007382AA = {
						CreatedOnToolsVersion = 11.6;
						TestTargetID = CC123B9124E80ED2007382AA;
					};
					CC123BB224E80ED4007382AA = {
						CreatedOnToolsVersion = 11.6;
						TestTargetID = CC123B9124E80ED2007382AA;
					};
				};
			};
			buildConfigurationList = CC123B8D24E80ED2007382AA /* Build configuration list for PBXProject "N-SIGNIN" */;
			compatibilityVersion = "Xcode 9.3";
			developmentRegion = en;
			hasScannedForEncodings = 0;
			knownRegions = (
				en,
				Base,
			);
			mainGroup = CC123B8924E80ED2007382AA;
			productRefGroup = CC123B9324E80ED2007382AA /* Products */;
			projectDirPath = "";
			projectRoot = "";
			targets = (
				CC123B9124E80ED2007382AA /* N-SIGNIN */,
				CC123BA724E80ED4007382AA /* N-SIGNINTests */,
				CC123BB224E80ED4007382AA /* N-SIGNINUITests */,
			);
		};
/* End PBXProject section */

/* Begin PBXResourcesBuildPhase section */
		CC123B9024E80ED2007382AA /* Resources */ = {
			isa = PBXResourcesBuildPhase;
			buildActionMask = 2147483647;
			files = (
				CC123BA224E80ED4007382AA /* LaunchScreen.storyboard in Resources */,
				CC123B9F24E80ED4007382AA /* Assets.xcassets in Resources */,
			);
			runOnlyForDeploymentPostprocessing = 0;
		};
		CC123BA624E80ED4007382AA /* Resources */ = {
			isa = PBXResourcesBuildPhase;
			buildActionMask = 2147483647;
			files = (
			);
			runOnlyForDeploymentPostprocessing = 0;
		};
		CC123BB124E80ED4007382AA /* Resources */ = {
			isa = PBXResourcesBuildPhase;
			buildActionMask = 2147483647;
			files = (
			);
			runOnlyForDeploymentPostprocessing = 0;
		};
/* End PBXResourcesBuildPhase section */

/* Begin PBXSourcesBuildPhase section */
		CC123B8E24E80ED2007382AA /* Sources */ = {
			isa = PBXSourcesBuildPhase;
			buildActionMask = 2147483647;
			files = (
				CC123BD124E84AF8007382AA /* UIViewController+Extension.swift in Sources */,
				CC123B9A24E80ED2007382AA /* NSLaunchScreen.swift in Sources */,
				CC123B9624E80ED2007382AA /* AppDelegate.swift in Sources */,
				CC6F612524E9537700F1D6C8 /* NSStepLabel.swift in Sources */,
				CC123BD724E88277007382AA /* NSSignUpProcess.swift in Sources */,
				CC123BD324E875C9007382AA /* NSFormField.swift in Sources */,
				CC123B9824E80ED2007382AA /* SceneDelegate.swift in Sources */,
				CC123BD524E87A08007382AA /* NSGenderBirth.swift in Sources */,
				CC123BCC24E83954007382AA /* NSTextField.swift in Sources */,
				CC6F612924E9597400F1D6C8 /* NSPagerButton.swift in Sources */,
				CC123BD924E88FBD007382AA /* NSLogInformation.swift in Sources */,
				CC6F612724E953A400F1D6C8 /* NSPageIndicator.swift in Sources */,
				CC123BC924E82BA5007382AA /* NSPersonalData.swift in Sources */,
			);
			runOnlyForDeploymentPostprocessing = 0;
		};
		CC123BA424E80ED4007382AA /* Sources */ = {
			isa = PBXSourcesBuildPhase;
			buildActionMask = 2147483647;
			files = (
				CC123BAD24E80ED4007382AA /* N_SIGNINTests.swift in Sources */,
			);
			runOnlyForDeploymentPostprocessing = 0;
		};
		CC123BAF24E80ED4007382AA /* Sources */ = {
			isa = PBXSourcesBuildPhase;
			buildActionMask = 2147483647;
			files = (
				CC123BB824E80ED4007382AA /* N_SIGNINUITests.swift in Sources */,
			);
			runOnlyForDeploymentPostprocessing = 0;
		};
/* End PBXSourcesBuildPhase section */

/* Begin PBXTargetDependency section */
		CC123BAA24E80ED4007382AA /* PBXTargetDependency */ = {
			isa = PBXTargetDependency;
			target = CC123B9124E80ED2007382AA /* N-SIGNIN */;
			targetProxy = CC123BA924E80ED4007382AA /* PBXContainerItemProxy */;
		};
		CC123BB524E80ED4007382AA /* PBXTargetDependency */ = {
			isa = PBXTargetDependency;
			target = CC123B9124E80ED2007382AA /* N-SIGNIN */;
			targetProxy = CC123BB424E80ED4007382AA /* PBXContainerItemProxy */;
		};
/* End PBXTargetDependency section */

/* Begin PBXVariantGroup section */
		CC123BA024E80ED4007382AA /* LaunchScreen.storyboard */ = {
			isa = PBXVariantGroup;
			children = (
				CC123BA124E80ED4007382AA /* Base */,
			);
			name = LaunchScreen.storyboard;
			sourceTree = "<group>";
		};
/* End PBXVariantGroup section */

/* Begin XCBuildConfiguration section */
		CC123BBA24E80ED4007382AA /* Debug */ = {
			isa = XCBuildConfiguration;
			buildSettings = {
				ALWAYS_SEARCH_USER_PATHS = NO;
				CLANG_ANALYZER_NONNULL = YES;
				CLANG_ANALYZER_NUMBER_OBJECT_CONVERSION = YES_AGGRESSIVE;
				CLANG_CXX_LANGUAGE_STANDARD = "gnu++14";
				CLANG_CXX_LIBRARY = "libc++";
				CLANG_ENABLE_MODULES = YES;
				CLANG_ENABLE_OBJC_ARC = YES;
				CLANG_ENABLE_OBJC_WEAK = YES;
				CLANG_WARN_BLOCK_CAPTURE_AUTORELEASING = YES;
				CLANG_WARN_BOOL_CONVERSION = YES;
				CLANG_WARN_COMMA = YES;
				CLANG_WARN_CONSTANT_CONVERSION = YES;
				CLANG_WARN_DEPRECATED_OBJC_IMPLEMENTATIONS = YES;
				CLANG_WARN_DIRECT_OBJC_ISA_USAGE = YES_ERROR;
				CLANG_WARN_DOCUMENTATION_COMMENTS = YES;
				CLANG_WARN_EMPTY_BODY = YES;
				CLANG_WARN_ENUM_CONVERSION = YES;
				CLANG_WARN_INFINITE_RECURSION = YES;
				CLANG_WARN_INT_CONVERSION = YES;
				CLANG_WARN_NON_LITERAL_NULL_CONVERSION = YES;
				CLANG_WARN_OBJC_IMPLICIT_RETAIN_SELF = YES;
				CLANG_WARN_OBJC_LITERAL_CONVERSION = YES;
				CLANG_WARN_OBJC_ROOT_CLASS = YES_ERROR;
				CLANG_WARN_RANGE_LOOP_ANALYSIS = YES;
				CLANG_WARN_STRICT_PROTOTYPES = YES;
				CLANG_WARN_SUSPICIOUS_MOVE = YES;
				CLANG_WARN_UNGUARDED_AVAILABILITY = YES_AGGRESSIVE;
				CLANG_WARN_UNREACHABLE_CODE = YES;
				CLANG_WARN__DUPLICATE_METHOD_MATCH = YES;
				COPY_PHASE_STRIP = NO;
				DEBUG_INFORMATION_FORMAT = dwarf;
				ENABLE_STRICT_OBJC_MSGSEND = YES;
				ENABLE_TESTABILITY = YES;
				GCC_C_LANGUAGE_STANDARD = gnu11;
				GCC_DYNAMIC_NO_PIC = NO;
				GCC_NO_COMMON_BLOCKS = YES;
				GCC_OPTIMIZATION_LEVEL = 0;
				GCC_PREPROCESSOR_DEFINITIONS = (
					"DEBUG=1",
					"$(inherited)",
				);
				GCC_WARN_64_TO_32_BIT_CONVERSION = YES;
				GCC_WARN_ABOUT_RETURN_TYPE = YES_ERROR;
				GCC_WARN_UNDECLARED_SELECTOR = YES;
				GCC_WARN_UNINITIALIZED_AUTOS = YES_AGGRESSIVE;
				GCC_WARN_UNUSED_FUNCTION = YES;
				GCC_WARN_UNUSED_VARIABLE = YES;
				IPHONEOS_DEPLOYMENT_TARGET = 13.1;
				MTL_ENABLE_DEBUG_INFO = INCLUDE_SOURCE;
				MTL_FAST_MATH = YES;
				ONLY_ACTIVE_ARCH = YES;
				SDKROOT = iphoneos;
				SWIFT_ACTIVE_COMPILATION_CONDITIONS = DEBUG;
				SWIFT_OPTIMIZATION_LEVEL = "-Onone";
			};
			name = Debug;
		};
		CC123BBB24E80ED4007382AA /* Release */ = {
			isa = XCBuildConfiguration;
			buildSettings = {
				ALWAYS_SEARCH_USER_PATHS = NO;
				CLANG_ANALYZER_NONNULL = YES;
				CLANG_ANALYZER_NUMBER_OBJECT_CONVERSION = YES_AGGRESSIVE;
				CLANG_CXX_LANGUAGE_STANDARD = "gnu++14";
				CLANG_CXX_LIBRARY = "libc++";
				CLANG_ENABLE_MODULES = YES;
				CLANG_ENABLE_OBJC_ARC = YES;
				CLANG_ENABLE_OBJC_WEAK = YES;
				CLANG_WARN_BLOCK_CAPTURE_AUTORELEASING = YES;
				CLANG_WARN_BOOL_CONVERSION = YES;
				CLANG_WARN_COMMA = YES;
				CLANG_WARN_CONSTANT_CONVERSION = YES;
				CLANG_WARN_DEPRECATED_OBJC_IMPLEMENTATIONS = YES;
				CLANG_WARN_DIRECT_OBJC_ISA_USAGE = YES_ERROR;
				CLANG_WARN_DOCUMENTATION_COMMENTS = YES;
				CLANG_WARN_EMPTY_BODY = YES;
				CLANG_WARN_ENUM_CONVERSION = YES;
				CLANG_WARN_INFINITE_RECURSION = YES;
				CLANG_WARN_INT_CONVERSION = YES;
				CLANG_WARN_NON_LITERAL_NULL_CONVERSION = YES;
				CLANG_WARN_OBJC_IMPLICIT_RETAIN_SELF = YES;
				CLANG_WARN_OBJC_LITERAL_CONVERSION = YES;
				CLANG_WARN_OBJC_ROOT_CLASS = YES_ERROR;
				CLANG_WARN_RANGE_LOOP_ANALYSIS = YES;
				CLANG_WARN_STRICT_PROTOTYPES = YES;
				CLANG_WARN_SUSPICIOUS_MOVE = YES;
				CLANG_WARN_UNGUARDED_AVAILABILITY = YES_AGGRESSIVE;
				CLANG_WARN_UNREACHABLE_CODE = YES;
				CLANG_WARN__DUPLICATE_METHOD_MATCH = YES;
				COPY_PHASE_STRIP = NO;
				DEBUG_INFORMATION_FORMAT = "dwarf-with-dsym";
				ENABLE_NS_ASSERTIONS = NO;
				ENABLE_STRICT_OBJC_MSGSEND = YES;
				GCC_C_LANGUAGE_STANDARD = gnu11;
				GCC_NO_COMMON_BLOCKS = YES;
				GCC_WARN_64_TO_32_BIT_CONVERSION = YES;
				GCC_WARN_ABOUT_RETURN_TYPE = YES_ERROR;
				GCC_WARN_UNDECLARED_SELECTOR = YES;
				GCC_WARN_UNINITIALIZED_AUTOS = YES_AGGRESSIVE;
				GCC_WARN_UNUSED_FUNCTION = YES;
				GCC_WARN_UNUSED_VARIABLE = YES;
				IPHONEOS_DEPLOYMENT_TARGET = 13.1;
				MTL_ENABLE_DEBUG_INFO = NO;
				MTL_FAST_MATH = YES;
				SDKROOT = iphoneos;
				SWIFT_COMPILATION_MODE = wholemodule;
				SWIFT_OPTIMIZATION_LEVEL = "-O";
				VALIDATE_PRODUCT = YES;
			};
			name = Release;
		};
		CC123BBD24E80ED4007382AA /* Debug */ = {
			isa = XCBuildConfiguration;
			buildSettings = {
				ASSETCATALOG_COMPILER_APPICON_NAME = AppIcon;
				CODE_SIGN_STYLE = Automatic;
				DEVELOPMENT_TEAM = M9R5VTJGJ5;
				INFOPLIST_FILE = "N-SIGNIN/APP/Info.plist";
				IPHONEOS_DEPLOYMENT_TARGET = 13.1;
				LD_RUNPATH_SEARCH_PATHS = (
					"$(inherited)",
					"@executable_path/Frameworks",
				);
				PRODUCT_BUNDLE_IDENTIFIER = "alvarogjacome.N-SIGNIN";
				PRODUCT_NAME = "$(TARGET_NAME)";
				SWIFT_VERSION = 5.0;
				TARGETED_DEVICE_FAMILY = 1;
			};
			name = Debug;
		};
		CC123BBE24E80ED4007382AA /* Release */ = {
			isa = XCBuildConfiguration;
			buildSettings = {
				ASSETCATALOG_COMPILER_APPICON_NAME = AppIcon;
				CODE_SIGN_STYLE = Automatic;
				DEVELOPMENT_TEAM = M9R5VTJGJ5;
				INFOPLIST_FILE = "N-SIGNIN/APP/Info.plist";
				IPHONEOS_DEPLOYMENT_TARGET = 13.1;
				LD_RUNPATH_SEARCH_PATHS = (
					"$(inherited)",
					"@executable_path/Frameworks",
				);
				PRODUCT_BUNDLE_IDENTIFIER = "alvarogjacome.N-SIGNIN";
				PRODUCT_NAME = "$(TARGET_NAME)";
				SWIFT_VERSION = 5.0;
				TARGETED_DEVICE_FAMILY = 1;
			};
			name = Release;
		};
		CC123BC024E80ED4007382AA /* Debug */ = {
			isa = XCBuildConfiguration;
			buildSettings = {
				ALWAYS_EMBED_SWIFT_STANDARD_LIBRARIES = YES;
				BUNDLE_LOADER = "$(TEST_HOST)";
				CODE_SIGN_STYLE = Automatic;
				DEVELOPMENT_TEAM = M9R5VTJGJ5;
				INFOPLIST_FILE = "N-SIGNINTests/Info.plist";
				IPHONEOS_DEPLOYMENT_TARGET = 13.6;
				LD_RUNPATH_SEARCH_PATHS = (
					"$(inherited)",
					"@executable_path/Frameworks",
					"@loader_path/Frameworks",
				);
				PRODUCT_BUNDLE_IDENTIFIER = "alvarogjacome.N-SIGNINTests";
				PRODUCT_NAME = "$(TARGET_NAME)";
				SWIFT_VERSION = 5.0;
				TARGETED_DEVICE_FAMILY = "1,2";
				TEST_HOST = "$(BUILT_PRODUCTS_DIR)/N-SIGNIN.app/N-SIGNIN";
			};
			name = Debug;
		};
		CC123BC124E80ED4007382AA /* Release */ = {
			isa = XCBuildConfiguration;
			buildSettings = {
				ALWAYS_EMBED_SWIFT_STANDARD_LIBRARIES = YES;
				BUNDLE_LOADER = "$(TEST_HOST)";
				CODE_SIGN_STYLE = Automatic;
				DEVELOPMENT_TEAM = M9R5VTJGJ5;
				INFOPLIST_FILE = "N-SIGNINTests/Info.plist";
				IPHONEOS_DEPLOYMENT_TARGET = 13.6;
				LD_RUNPATH_SEARCH_PATHS = (
					"$(inherited)",
					"@executable_path/Frameworks",
					"@loader_path/Frameworks",
				);
				PRODUCT_BUNDLE_IDENTIFIER = "alvarogjacome.N-SIGNINTests";
				PRODUCT_NAME = "$(TARGET_NAME)";
				SWIFT_VERSION = 5.0;
				TARGETED_DEVICE_FAMILY = "1,2";
				TEST_HOST = "$(BUILT_PRODUCTS_DIR)/N-SIGNIN.app/N-SIGNIN";
			};
			name = Release;
		};
		CC123BC324E80ED4007382AA /* Debug */ = {
			isa = XCBuildConfiguration;
			buildSettings = {
				ALWAYS_EMBED_SWIFT_STANDARD_LIBRARIES = YES;
				CODE_SIGN_STYLE = Automatic;
				DEVELOPMENT_TEAM = M9R5VTJGJ5;
				INFOPLIST_FILE = "N-SIGNINUITests/Info.plist";
				LD_RUNPATH_SEARCH_PATHS = (
					"$(inherited)",
					"@executable_path/Frameworks",
					"@loader_path/Frameworks",
				);
				PRODUCT_BUNDLE_IDENTIFIER = "alvarogjacome.N-SIGNINUITests";
				PRODUCT_NAME = "$(TARGET_NAME)";
				SWIFT_VERSION = 5.0;
				TARGETED_DEVICE_FAMILY = "1,2";
				TEST_TARGET_NAME = "N-SIGNIN";
			};
			name = Debug;
		};
		CC123BC424E80ED4007382AA /* Release */ = {
			isa = XCBuildConfiguration;
			buildSettings = {
				ALWAYS_EMBED_SWIFT_STANDARD_LIBRARIES = YES;
				CODE_SIGN_STYLE = Automatic;
				DEVELOPMENT_TEAM = M9R5VTJGJ5;
				INFOPLIST_FILE = "N-SIGNINUITests/Info.plist";
				LD_RUNPATH_SEARCH_PATHS = (
					"$(inherited)",
					"@executable_path/Frameworks",
					"@loader_path/Frameworks",
				);
				PRODUCT_BUNDLE_IDENTIFIER = "alvarogjacome.N-SIGNINUITests";
				PRODUCT_NAME = "$(TARGET_NAME)";
				SWIFT_VERSION = 5.0;
				TARGETED_DEVICE_FAMILY = "1,2";
				TEST_TARGET_NAME = "N-SIGNIN";
			};
			name = Release;
		};
/* End XCBuildConfiguration section */

/* Begin XCConfigurationList section */
		CC123B8D24E80ED2007382AA /* Build configuration list for PBXProject "N-SIGNIN" */ = {
			isa = XCConfigurationList;
			buildConfigurations = (
				CC123BBA24E80ED4007382AA /* Debug */,
				CC123BBB24E80ED4007382AA /* Release */,
			);
			defaultConfigurationIsVisible = 0;
			defaultConfigurationName = Release;
		};
		CC123BBC24E80ED4007382AA /* Build configuration list for PBXNativeTarget "N-SIGNIN" */ = {
			isa = XCConfigurationList;
			buildConfigurations = (
				CC123BBD24E80ED4007382AA /* Debug */,
				CC123BBE24E80ED4007382AA /* Release */,
			);
			defaultConfigurationIsVisible = 0;
			defaultConfigurationName = Release;
		};
		CC123BBF24E80ED4007382AA /* Build configuration list for PBXNativeTarget "N-SIGNINTests" */ = {
			isa = XCConfigurationList;
			buildConfigurations = (
				CC123BC024E80ED4007382AA /* Debug */,
				CC123BC124E80ED4007382AA /* Release */,
			);
			defaultConfigurationIsVisible = 0;
			defaultConfigurationName = Release;
		};
		CC123BC224E80ED4007382AA /* Build configuration list for PBXNativeTarget "N-SIGNINUITests" */ = {
			isa = XCConfigurationList;
			buildConfigurations = (
				CC123BC324E80ED4007382AA /* Debug */,
				CC123BC424E80ED4007382AA /* Release */,
			);
			defaultConfigurationIsVisible = 0;
			defaultConfigurationName = Release;
		};
/* End XCConfigurationList section */
	};
	rootObject = CC123B8A24E80ED2007382AA /* Project object */;
}
